
Microsoft Visual Studio Solution File, Format Version 12.00
# Visual Studio 2013
VisualStudioVersion = 12.0.21005.1
MinimumVisualStudioVersion = 10.0.40219.1
Project("{FAE04EC0-301F-11D3-BF4B-00C04F79EFBC}") = "RodeoTicketXchange", "RodeoTicketXchange\RodeoTicketXchange.csproj", "{49AF2B59-1708-465A-B7FD-2DFBA2D2D79B}"
EndProject
Project("{FAE04EC0-301F-11D3-BF4B-00C04F79EFBC}") = "RodeoTicketXchange.Tests", "RodeoTicketXchange.Tests\RodeoTicketXchange.Tests.csproj", "{1FC8D041-582A-4538-897D-3993DB511E55}"
EndProject
Global
	GlobalSection(SolutionConfigurationPlatforms) = preSolution
		Debug|Any CPU = Debug|Any CPU
		Release|Any CPU = Release|Any CPU
	EndGlobalSection
	GlobalSection(ProjectConfigurationPlatforms) = postSolution
		{49AF2B59-1708-465A-B7FD-2DFBA2D2D79B}.Debug|Any CPU.ActiveCfg = Debug|Any CPU
		{49AF2B59-1708-465A-B7FD-2DFBA2D2D79B}.Debug|Any CPU.Build.0 = Debug|Any CPU
		{49AF2B59-1708-465A-B7FD-2DFBA2D2D79B}.Release|Any CPU.ActiveCfg = Release|Any CPU
		{49AF2B59-1708-465A-B7FD-2DFBA2D2D79B}.Release|Any CPU.Build.0 = Release|Any CPU
		{1FC8D041-582A-4538-897D-3993DB511E55}.Debug|Any CPU.ActiveCfg = Debug|Any CPU
		{1FC8D041-582A-4538-897D-3993DB511E55}.Debug|Any CPU.Build.0 = Debug|Any CPU
		{1FC8D041-582A-4538-897D-3993DB511E55}.Release|Any CPU.ActiveCfg = Release|Any CPU
		{1FC8D041-582A-4538-897D-3993DB511E55}.Release|Any CPU.Build.0 = Release|Any CPU
	EndGlobalSection
	GlobalSection(SolutionProperties) = preSolution
		HideSolutionNode = FALSE
	EndGlobalSection
EndGlobal
